
Microsoft Visual Studio Solution File, Format Version 11.00
# Visual C++ Express 2010
Project("{FAE04EC0-301F-11D3-BF4B-00C04F79EFBC}") = "Bootstrap", "bootstrap\Bootstrap.csproj", "{FACA1327-C7A3-4E90-85F0-7177DFD53DB7}"
EndProject
Project("{FAE04EC0-301F-11D3-BF4B-00C04F79EFBC}") = "Runtime", "Runtime\Runtime.csproj", "{C09ABF74-F6BD-46E3-A364-4B41B162021F}"
EndProject
Project("{8BC9CEB8-8B4A-11D0-8D11-00A0C91BC942}") = "launcher", "launcher\launcher.vcxproj", "{DED0CF6A-9C1D-352F-9B7B-F7A4C8E1DF76}"
	ProjectSection(ProjectDependencies) = postProject
		{FACA1327-C7A3-4E90-85F0-7177DFD53DB7} = {FACA1327-C7A3-4E90-85F0-7177DFD53DB7}
		{C09ABF74-F6BD-46E3-A364-4B41B162021F} = {C09ABF74-F6BD-46E3-A364-4B41B162021F}
		{CC51BC9D-0F4B-3A90-83DA-F913A2142F9D} = {CC51BC9D-0F4B-3A90-83DA-F913A2142F9D}
		{41BF61DB-0641-39FE-A4F2-98DF8C2537BE} = {41BF61DB-0641-39FE-A4F2-98DF8C2537BE}
	EndProjectSection
EndProject
Project("{8BC9CEB8-8B4A-11D0-8D11-00A0C91BC942}") = "engine", "engine\engine.vcxproj", "{41BF61DB-0641-39FE-A4F2-98DF8C2537BE}"
EndProject
Project("{2150E333-8FDC-42A3-9474-1A3956D46DE8}") = "Tests", "Tests", "{EB8E7AB4-F599-4797-A317-938F9232B6B1}"
EndProject
Project("{8BC9CEB8-8B4A-11D0-8D11-00A0C91BC942}") = "enginetests", "tests\engine\enginetests.vcxproj", "{A9A9527C-DA8D-367E-A56F-392729B4B59D}"
	ProjectSection(ProjectDependencies) = postProject
		{41BF61DB-0641-39FE-A4F2-98DF8C2537BE} = {41BF61DB-0641-39FE-A4F2-98DF8C2537BE}
	EndProjectSection
EndProject
Project("{8BC9CEB8-8B4A-11D0-8D11-00A0C91BC942}") = "qtmonotests", "tests\qtmonotests\qtmonotests.vcxproj", "{BC4CC125-F34D-3C91-B820-2674DF438935}"
	ProjectSection(ProjectDependencies) = postProject
		{CC51BC9D-0F4B-3A90-83DA-F913A2142F9D} = {CC51BC9D-0F4B-3A90-83DA-F913A2142F9D}
	EndProjectSection
EndProject
Project("{8BC9CEB8-8B4A-11D0-8D11-00A0C91BC942}") = "qtmono", "qtmono\qtmono.vcxproj", "{CC51BC9D-0F4B-3A90-83DA-F913A2142F9D}"
EndProject
Global
	GlobalSection(SolutionConfigurationPlatforms) = preSolution
		Debug|Any CPU = Debug|Any CPU
		Debug|Mixed Platforms = Debug|Mixed Platforms
		Debug|Win32 = Debug|Win32
		Release|Any CPU = Release|Any CPU
		Release|Mixed Platforms = Release|Mixed Platforms
		Release|Win32 = Release|Win32
	EndGlobalSection
	GlobalSection(ProjectConfigurationPlatforms) = postSolution
		{FACA1327-C7A3-4E90-85F0-7177DFD53DB7}.Debug|Any CPU.ActiveCfg = Debug|Any CPU
		{FACA1327-C7A3-4E90-85F0-7177DFD53DB7}.Debug|Any CPU.Build.0 = Debug|Any CPU
		{FACA1327-C7A3-4E90-85F0-7177DFD53DB7}.Debug|Mixed Platforms.ActiveCfg = Debug|Any CPU
		{FACA1327-C7A3-4E90-85F0-7177DFD53DB7}.Debug|Mixed Platforms.Build.0 = Debug|Any CPU
		{FACA1327-C7A3-4E90-85F0-7177DFD53DB7}.Debug|Win32.ActiveCfg = Debug|Any CPU
		{FACA1327-C7A3-4E90-85F0-7177DFD53DB7}.Release|Any CPU.ActiveCfg = Release|Any CPU
		{FACA1327-C7A3-4E90-85F0-7177DFD53DB7}.Release|Any CPU.Build.0 = Release|Any CPU
		{FACA1327-C7A3-4E90-85F0-7177DFD53DB7}.Release|Mixed Platforms.ActiveCfg = Release|Any CPU
		{FACA1327-C7A3-4E90-85F0-7177DFD53DB7}.Release|Mixed Platforms.Build.0 = Release|Any CPU
		{FACA1327-C7A3-4E90-85F0-7177DFD53DB7}.Release|Win32.ActiveCfg = Release|Any CPU
		{C09ABF74-F6BD-46E3-A364-4B41B162021F}.Debug|Any CPU.ActiveCfg = Debug|Any CPU
		{C09ABF74-F6BD-46E3-A364-4B41B162021F}.Debug|Any CPU.Build.0 = Debug|Any CPU
		{C09ABF74-F6BD-46E3-A364-4B41B162021F}.Debug|Mixed Platforms.ActiveCfg = Debug|Any CPU
		{C09ABF74-F6BD-46E3-A364-4B41B162021F}.Debug|Mixed Platforms.Build.0 = Debug|Any CPU
		{C09ABF74-F6BD-46E3-A364-4B41B162021F}.Debug|Win32.ActiveCfg = Debug|Any CPU
		{C09ABF74-F6BD-46E3-A364-4B41B162021F}.Release|Any CPU.ActiveCfg = Release|Any CPU
		{C09ABF74-F6BD-46E3-A364-4B41B162021F}.Release|Any CPU.Build.0 = Release|Any CPU
		{C09ABF74-F6BD-46E3-A364-4B41B162021F}.Release|Mixed Platforms.ActiveCfg = Release|Any CPU
		{C09ABF74-F6BD-46E3-A364-4B41B162021F}.Release|Mixed Platforms.Build.0 = Release|Any CPU
		{C09ABF74-F6BD-46E3-A364-4B41B162021F}.Release|Win32.ActiveCfg = Release|Any CPU
		{DED0CF6A-9C1D-352F-9B7B-F7A4C8E1DF76}.Debug|Any CPU.ActiveCfg = Debug|Win32
		{DED0CF6A-9C1D-352F-9B7B-F7A4C8E1DF76}.Debug|Mixed Platforms.ActiveCfg = Debug|Win32
		{DED0CF6A-9C1D-352F-9B7B-F7A4C8E1DF76}.Debug|Mixed Platforms.Build.0 = Debug|Win32
		{DED0CF6A-9C1D-352F-9B7B-F7A4C8E1DF76}.Debug|Win32.ActiveCfg = Debug|Win32
		{DED0CF6A-9C1D-352F-9B7B-F7A4C8E1DF76}.Debug|Win32.Build.0 = Debug|Win32
		{DED0CF6A-9C1D-352F-9B7B-F7A4C8E1DF76}.Release|Any CPU.ActiveCfg = Release|Win32
		{DED0CF6A-9C1D-352F-9B7B-F7A4C8E1DF76}.Release|Mixed Platforms.ActiveCfg = Release|Win32
		{DED0CF6A-9C1D-352F-9B7B-F7A4C8E1DF76}.Release|Mixed Platforms.Build.0 = Release|Win32
		{DED0CF6A-9C1D-352F-9B7B-F7A4C8E1DF76}.Release|Win32.ActiveCfg = Release|Win32
		{DED0CF6A-9C1D-352F-9B7B-F7A4C8E1DF76}.Release|Win32.Build.0 = Release|Win32
		{41BF61DB-0641-39FE-A4F2-98DF8C2537BE}.Debug|Any CPU.ActiveCfg = Debug|Win32
		{41BF61DB-0641-39FE-A4F2-98DF8C2537BE}.Debug|Mixed Platforms.ActiveCfg = Debug|Win32
		{41BF61DB-0641-39FE-A4F2-98DF8C2537BE}.Debug|Mixed Platforms.Build.0 = Debug|Win32
		{41BF61DB-0641-39FE-A4F2-98DF8C2537BE}.Debug|Win32.ActiveCfg = Debug|Win32
		{41BF61DB-0641-39FE-A4F2-98DF8C2537BE}.Debug|Win32.Build.0 = Debug|Win32
		{41BF61DB-0641-39FE-A4F2-98DF8C2537BE}.Release|Any CPU.ActiveCfg = Release|Win32
		{41BF61DB-0641-39FE-A4F2-98DF8C2537BE}.Release|Mixed Platforms.ActiveCfg = Release|Win32
		{41BF61DB-0641-39FE-A4F2-98DF8C2537BE}.Release|Mixed Platforms.Build.0 = Release|Win32
		{41BF61DB-0641-39FE-A4F2-98DF8C2537BE}.Release|Win32.ActiveCfg = Release|Win32
		{41BF61DB-0641-39FE-A4F2-98DF8C2537BE}.Release|Win32.Build.0 = Release|Win32
		{A9A9527C-DA8D-367E-A56F-392729B4B59D}.Debug|Any CPU.ActiveCfg = Debug|Win32
		{A9A9527C-DA8D-367E-A56F-392729B4B59D}.Debug|Mixed Platforms.ActiveCfg = Debug|Win32
		{A9A9527C-DA8D-367E-A56F-392729B4B59D}.Debug|Mixed Platforms.Build.0 = Debug|Win32
		{A9A9527C-DA8D-367E-A56F-392729B4B59D}.Debug|Win32.ActiveCfg = Debug|Win32
		{A9A9527C-DA8D-367E-A56F-392729B4B59D}.Debug|Win32.Build.0 = Debug|Win32
		{A9A9527C-DA8D-367E-A56F-392729B4B59D}.Release|Any CPU.ActiveCfg = Release|Win32
		{A9A9527C-DA8D-367E-A56F-392729B4B59D}.Release|Mixed Platforms.ActiveCfg = Release|Win32
		{A9A9527C-DA8D-367E-A56F-392729B4B59D}.Release|Mixed Platforms.Build.0 = Release|Win32
		{A9A9527C-DA8D-367E-A56F-392729B4B59D}.Release|Win32.ActiveCfg = Release|Win32
		{A9A9527C-DA8D-367E-A56F-392729B4B59D}.Release|Win32.Build.0 = Release|Win32
		{BC4CC125-F34D-3C91-B820-2674DF438935}.Debug|Any CPU.ActiveCfg = Debug|Win32
		{BC4CC125-F34D-3C91-B820-2674DF438935}.Debug|Mixed Platforms.ActiveCfg = Debug|Win32
		{BC4CC125-F34D-3C91-B820-2674DF438935}.Debug|Mixed Platforms.Build.0 = Debug|Win32
		{BC4CC125-F34D-3C91-B820-2674DF438935}.Debug|Win32.ActiveCfg = Debug|Win32
		{BC4CC125-F34D-3C91-B820-2674DF438935}.Debug|Win32.Build.0 = Debug|Win32
		{BC4CC125-F34D-3C91-B820-2674DF438935}.Release|Any CPU.ActiveCfg = Release|Win32
		{BC4CC125-F34D-3C91-B820-2674DF438935}.Release|Mixed Platforms.ActiveCfg = Release|Win32
		{BC4CC125-F34D-3C91-B820-2674DF438935}.Release|Mixed Platforms.Build.0 = Release|Win32
		{BC4CC125-F34D-3C91-B820-2674DF438935}.Release|Win32.ActiveCfg = Release|Win32
		{BC4CC125-F34D-3C91-B820-2674DF438935}.Release|Win32.Build.0 = Release|Win32
		{CC51BC9D-0F4B-3A90-83DA-F913A2142F9D}.Debug|Any CPU.ActiveCfg = Debug|Win32
		{CC51BC9D-0F4B-3A90-83DA-F913A2142F9D}.Debug|Mixed Platforms.ActiveCfg = Debug|Win32
		{CC51BC9D-0F4B-3A90-83DA-F913A2142F9D}.Debug|Mixed Platforms.Build.0 = Debug|Win32
		{CC51BC9D-0F4B-3A90-83DA-F913A2142F9D}.Debug|Win32.ActiveCfg = Debug|Win32
		{CC51BC9D-0F4B-3A90-83DA-F913A2142F9D}.Debug|Win32.Build.0 = Debug|Win32
		{CC51BC9D-0F4B-3A90-83DA-F913A2142F9D}.Release|Any CPU.ActiveCfg = Release|Win32
		{CC51BC9D-0F4B-3A90-83DA-F913A2142F9D}.Release|Mixed Platforms.ActiveCfg = Release|Win32
		{CC51BC9D-0F4B-3A90-83DA-F913A2142F9D}.Release|Mixed Platforms.Build.0 = Release|Win32
		{CC51BC9D-0F4B-3A90-83DA-F913A2142F9D}.Release|Win32.ActiveCfg = Release|Win32
		{CC51BC9D-0F4B-3A90-83DA-F913A2142F9D}.Release|Win32.Build.0 = Release|Win32
	EndGlobalSection
	GlobalSection(SolutionProperties) = preSolution
		HideSolutionNode = FALSE
	EndGlobalSection
	GlobalSection(NestedProjects) = preSolution
		{A9A9527C-DA8D-367E-A56F-392729B4B59D} = {EB8E7AB4-F599-4797-A317-938F9232B6B1}
		{BC4CC125-F34D-3C91-B820-2674DF438935} = {EB8E7AB4-F599-4797-A317-938F9232B6B1}
	EndGlobalSection
EndGlobal
