
Microsoft Visual Studio Solution File, Format Version 11.00
# Visual Studio 2010
Project("{FAE04EC0-301F-11D3-BF4B-00C04F79EFBC}") = "Bootstrap", "bootstrap\Bootstrap.csproj", "{FACA1327-C7A3-4E90-85F0-7177DFD53DB7}"
EndProject
Project("{FAE04EC0-301F-11D3-BF4B-00C04F79EFBC}") = "Runtime", "Runtime\Runtime.csproj", "{C09ABF74-F6BD-46E3-A364-4B41B162021F}"
EndProject
Project("{8BC9CEB8-8B4A-11D0-8D11-00A0C91BC942}") = "launcher", "launcher\launcher.vcxproj", "{830A1F91-14F6-3C79-9154-2F8A278DAFDD}"
	ProjectSection(ProjectDependencies) = postProject
		{FACA1327-C7A3-4E90-85F0-7177DFD53DB7} = {FACA1327-C7A3-4E90-85F0-7177DFD53DB7}
		{C09ABF74-F6BD-46E3-A364-4B41B162021F} = {C09ABF74-F6BD-46E3-A364-4B41B162021F}
		{9CFBA506-E446-324D-BA64-71605C36620F} = {9CFBA506-E446-324D-BA64-71605C36620F}
		{F2A80768-16EC-3323-8527-5291AAFCE87D} = {F2A80768-16EC-3323-8527-5291AAFCE87D}
	EndProjectSection
EndProject
Project("{8BC9CEB8-8B4A-11D0-8D11-00A0C91BC942}") = "engine", "engine\engine.vcxproj", "{F2A80768-16EC-3323-8527-5291AAFCE87D}"
EndProject
Project("{2150E333-8FDC-42A3-9474-1A3956D46DE8}") = "Tests", "Tests", "{EB8E7AB4-F599-4797-A317-938F9232B6B1}"
EndProject
Project("{8BC9CEB8-8B4A-11D0-8D11-00A0C91BC942}") = "enginetests", "tests\engine\enginetests.vcxproj", "{A9A9527C-DA8D-367E-A56F-392729B4B59D}"
	ProjectSection(ProjectDependencies) = postProject
		{F2A80768-16EC-3323-8527-5291AAFCE87D} = {F2A80768-16EC-3323-8527-5291AAFCE87D}
	EndProjectSection
EndProject
Project("{8BC9CEB8-8B4A-11D0-8D11-00A0C91BC942}") = "qtmonotests", "tests\qtmonotests\qtmonotests.vcxproj", "{BC4CC125-F34D-3C91-B820-2674DF438935}"
	ProjectSection(ProjectDependencies) = postProject
		{9CFBA506-E446-324D-BA64-71605C36620F} = {9CFBA506-E446-324D-BA64-71605C36620F}
	EndProjectSection
EndProject
Project("{8BC9CEB8-8B4A-11D0-8D11-00A0C91BC942}") = "qtmono", "qtmono\qtmono.vcxproj", "{9CFBA506-E446-324D-BA64-71605C36620F}"
EndProject
Project("{FAE04EC0-301F-11D3-BF4B-00C04F79EFBC}") = "Gui", "Gui\Gui.csproj", "{66FC5F28-884E-4FBC-B250-01990ED7EFC5}"
EndProject
Project("{FAE04EC0-301F-11D3-BF4B-00C04F79EFBC}") = "Rules", "Rules\Rules.csproj", "{9C210D9D-BC98-4751-A53A-917C638EBB79}"
EndProject
Project("{FAE04EC0-301F-11D3-BF4B-00C04F79EFBC}") = "RulesTests", "tests\RulesTests\RulesTests.csproj", "{2C0AF668-C787-443C-A2AD-511B1E37B4F0}"
EndProject
Project("{FAE04EC0-301F-11D3-BF4B-00C04F79EFBC}") = "Game", "Game\Game.csproj", "{82682F02-8287-423C-8A44-407A21E53998}"
EndProject
Global
	GlobalSection(SolutionConfigurationPlatforms) = preSolution
		Debug|Any CPU = Debug|Any CPU
		Debug|Mixed Platforms = Debug|Mixed Platforms
		Debug|Win32 = Debug|Win32
		Release|Any CPU = Release|Any CPU
		Release|Mixed Platforms = Release|Mixed Platforms
		Release|Win32 = Release|Win32
	EndGlobalSection
	GlobalSection(ProjectConfigurationPlatforms) = postSolution
		{FACA1327-C7A3-4E90-85F0-7177DFD53DB7}.Debug|Any CPU.ActiveCfg = Debug|Any CPU
		{FACA1327-C7A3-4E90-85F0-7177DFD53DB7}.Debug|Any CPU.Build.0 = Debug|Any CPU
		{FACA1327-C7A3-4E90-85F0-7177DFD53DB7}.Debug|Mixed Platforms.ActiveCfg = Debug|Any CPU
		{FACA1327-C7A3-4E90-85F0-7177DFD53DB7}.Debug|Mixed Platforms.Build.0 = Debug|Any CPU
		{FACA1327-C7A3-4E90-85F0-7177DFD53DB7}.Debug|Win32.ActiveCfg = Debug|Any CPU
		{FACA1327-C7A3-4E90-85F0-7177DFD53DB7}.Release|Any CPU.ActiveCfg = Release|Any CPU
		{FACA1327-C7A3-4E90-85F0-7177DFD53DB7}.Release|Any CPU.Build.0 = Release|Any CPU
		{FACA1327-C7A3-4E90-85F0-7177DFD53DB7}.Release|Mixed Platforms.ActiveCfg = Release|Any CPU
		{FACA1327-C7A3-4E90-85F0-7177DFD53DB7}.Release|Mixed Platforms.Build.0 = Release|Any CPU
		{FACA1327-C7A3-4E90-85F0-7177DFD53DB7}.Release|Win32.ActiveCfg = Release|Any CPU
		{C09ABF74-F6BD-46E3-A364-4B41B162021F}.Debug|Any CPU.ActiveCfg = Debug|Any CPU
		{C09ABF74-F6BD-46E3-A364-4B41B162021F}.Debug|Any CPU.Build.0 = Debug|Any CPU
		{C09ABF74-F6BD-46E3-A364-4B41B162021F}.Debug|Mixed Platforms.ActiveCfg = Debug|Any CPU
		{C09ABF74-F6BD-46E3-A364-4B41B162021F}.Debug|Mixed Platforms.Build.0 = Debug|Any CPU
		{C09ABF74-F6BD-46E3-A364-4B41B162021F}.Debug|Win32.ActiveCfg = Debug|Any CPU
		{C09ABF74-F6BD-46E3-A364-4B41B162021F}.Release|Any CPU.ActiveCfg = Release|Any CPU
		{C09ABF74-F6BD-46E3-A364-4B41B162021F}.Release|Any CPU.Build.0 = Release|Any CPU
		{C09ABF74-F6BD-46E3-A364-4B41B162021F}.Release|Mixed Platforms.ActiveCfg = Release|Any CPU
		{C09ABF74-F6BD-46E3-A364-4B41B162021F}.Release|Mixed Platforms.Build.0 = Release|Any CPU
		{C09ABF74-F6BD-46E3-A364-4B41B162021F}.Release|Win32.ActiveCfg = Release|Any CPU
		{830A1F91-14F6-3C79-9154-2F8A278DAFDD}.Debug|Any CPU.ActiveCfg = Debug|Win32
		{830A1F91-14F6-3C79-9154-2F8A278DAFDD}.Debug|Mixed Platforms.ActiveCfg = Debug|Win32
		{830A1F91-14F6-3C79-9154-2F8A278DAFDD}.Debug|Mixed Platforms.Build.0 = Debug|Win32
		{830A1F91-14F6-3C79-9154-2F8A278DAFDD}.Debug|Win32.ActiveCfg = Debug|Win32
		{830A1F91-14F6-3C79-9154-2F8A278DAFDD}.Debug|Win32.Build.0 = Debug|Win32
		{830A1F91-14F6-3C79-9154-2F8A278DAFDD}.Release|Any CPU.ActiveCfg = Release|Win32
		{830A1F91-14F6-3C79-9154-2F8A278DAFDD}.Release|Mixed Platforms.ActiveCfg = Release|Win32
		{830A1F91-14F6-3C79-9154-2F8A278DAFDD}.Release|Mixed Platforms.Build.0 = Release|Win32
		{830A1F91-14F6-3C79-9154-2F8A278DAFDD}.Release|Win32.ActiveCfg = Release|Win32
		{830A1F91-14F6-3C79-9154-2F8A278DAFDD}.Release|Win32.Build.0 = Release|Win32
		{F2A80768-16EC-3323-8527-5291AAFCE87D}.Debug|Any CPU.ActiveCfg = Debug|Win32
		{F2A80768-16EC-3323-8527-5291AAFCE87D}.Debug|Mixed Platforms.ActiveCfg = Debug|Win32
		{F2A80768-16EC-3323-8527-5291AAFCE87D}.Debug|Mixed Platforms.Build.0 = Debug|Win32
		{F2A80768-16EC-3323-8527-5291AAFCE87D}.Debug|Win32.ActiveCfg = Debug|Win32
		{F2A80768-16EC-3323-8527-5291AAFCE87D}.Debug|Win32.Build.0 = Debug|Win32
		{F2A80768-16EC-3323-8527-5291AAFCE87D}.Release|Any CPU.ActiveCfg = Release|Win32
		{F2A80768-16EC-3323-8527-5291AAFCE87D}.Release|Mixed Platforms.ActiveCfg = Release|Win32
		{F2A80768-16EC-3323-8527-5291AAFCE87D}.Release|Mixed Platforms.Build.0 = Release|Win32
		{F2A80768-16EC-3323-8527-5291AAFCE87D}.Release|Win32.ActiveCfg = Release|Win32
		{F2A80768-16EC-3323-8527-5291AAFCE87D}.Release|Win32.Build.0 = Release|Win32
		{A9A9527C-DA8D-367E-A56F-392729B4B59D}.Debug|Any CPU.ActiveCfg = Debug|Win32
		{A9A9527C-DA8D-367E-A56F-392729B4B59D}.Debug|Mixed Platforms.ActiveCfg = Debug|Win32
		{A9A9527C-DA8D-367E-A56F-392729B4B59D}.Debug|Mixed Platforms.Build.0 = Debug|Win32
		{A9A9527C-DA8D-367E-A56F-392729B4B59D}.Debug|Win32.ActiveCfg = Debug|Win32
		{A9A9527C-DA8D-367E-A56F-392729B4B59D}.Debug|Win32.Build.0 = Debug|Win32
		{A9A9527C-DA8D-367E-A56F-392729B4B59D}.Release|Any CPU.ActiveCfg = Release|Win32
		{A9A9527C-DA8D-367E-A56F-392729B4B59D}.Release|Mixed Platforms.ActiveCfg = Release|Win32
		{A9A9527C-DA8D-367E-A56F-392729B4B59D}.Release|Mixed Platforms.Build.0 = Release|Win32
		{A9A9527C-DA8D-367E-A56F-392729B4B59D}.Release|Win32.ActiveCfg = Release|Win32
		{A9A9527C-DA8D-367E-A56F-392729B4B59D}.Release|Win32.Build.0 = Release|Win32
		{BC4CC125-F34D-3C91-B820-2674DF438935}.Debug|Any CPU.ActiveCfg = Debug|Win32
		{BC4CC125-F34D-3C91-B820-2674DF438935}.Debug|Mixed Platforms.ActiveCfg = Debug|Win32
		{BC4CC125-F34D-3C91-B820-2674DF438935}.Debug|Mixed Platforms.Build.0 = Debug|Win32
		{BC4CC125-F34D-3C91-B820-2674DF438935}.Debug|Win32.ActiveCfg = Debug|Win32
		{BC4CC125-F34D-3C91-B820-2674DF438935}.Debug|Win32.Build.0 = Debug|Win32
		{BC4CC125-F34D-3C91-B820-2674DF438935}.Release|Any CPU.ActiveCfg = Release|Win32
		{BC4CC125-F34D-3C91-B820-2674DF438935}.Release|Mixed Platforms.ActiveCfg = Release|Win32
		{BC4CC125-F34D-3C91-B820-2674DF438935}.Release|Mixed Platforms.Build.0 = Release|Win32
		{BC4CC125-F34D-3C91-B820-2674DF438935}.Release|Win32.ActiveCfg = Release|Win32
		{BC4CC125-F34D-3C91-B820-2674DF438935}.Release|Win32.Build.0 = Release|Win32
		{9CFBA506-E446-324D-BA64-71605C36620F}.Debug|Any CPU.ActiveCfg = Debug|Win32
		{9CFBA506-E446-324D-BA64-71605C36620F}.Debug|Mixed Platforms.ActiveCfg = Debug|Win32
		{9CFBA506-E446-324D-BA64-71605C36620F}.Debug|Mixed Platforms.Build.0 = Debug|Win32
		{9CFBA506-E446-324D-BA64-71605C36620F}.Debug|Win32.ActiveCfg = Debug|Win32
		{9CFBA506-E446-324D-BA64-71605C36620F}.Debug|Win32.Build.0 = Debug|Win32
		{9CFBA506-E446-324D-BA64-71605C36620F}.Release|Any CPU.ActiveCfg = Release|Win32
		{9CFBA506-E446-324D-BA64-71605C36620F}.Release|Mixed Platforms.ActiveCfg = Release|Win32
		{9CFBA506-E446-324D-BA64-71605C36620F}.Release|Mixed Platforms.Build.0 = Release|Win32
		{9CFBA506-E446-324D-BA64-71605C36620F}.Release|Win32.ActiveCfg = Release|Win32
		{9CFBA506-E446-324D-BA64-71605C36620F}.Release|Win32.Build.0 = Release|Win32
		{66FC5F28-884E-4FBC-B250-01990ED7EFC5}.Debug|Any CPU.ActiveCfg = Debug|Any CPU
		{66FC5F28-884E-4FBC-B250-01990ED7EFC5}.Debug|Any CPU.Build.0 = Debug|Any CPU
		{66FC5F28-884E-4FBC-B250-01990ED7EFC5}.Debug|Mixed Platforms.ActiveCfg = Debug|Any CPU
		{66FC5F28-884E-4FBC-B250-01990ED7EFC5}.Debug|Mixed Platforms.Build.0 = Debug|Any CPU
		{66FC5F28-884E-4FBC-B250-01990ED7EFC5}.Debug|Win32.ActiveCfg = Debug|Any CPU
		{66FC5F28-884E-4FBC-B250-01990ED7EFC5}.Release|Any CPU.ActiveCfg = Release|Any CPU
		{66FC5F28-884E-4FBC-B250-01990ED7EFC5}.Release|Any CPU.Build.0 = Release|Any CPU
		{66FC5F28-884E-4FBC-B250-01990ED7EFC5}.Release|Mixed Platforms.ActiveCfg = Release|Any CPU
		{66FC5F28-884E-4FBC-B250-01990ED7EFC5}.Release|Mixed Platforms.Build.0 = Release|Any CPU
		{66FC5F28-884E-4FBC-B250-01990ED7EFC5}.Release|Win32.ActiveCfg = Release|Any CPU
		{9C210D9D-BC98-4751-A53A-917C638EBB79}.Debug|Any CPU.ActiveCfg = Debug|Any CPU
		{9C210D9D-BC98-4751-A53A-917C638EBB79}.Debug|Any CPU.Build.0 = Debug|Any CPU
		{9C210D9D-BC98-4751-A53A-917C638EBB79}.Debug|Mixed Platforms.ActiveCfg = Debug|Any CPU
		{9C210D9D-BC98-4751-A53A-917C638EBB79}.Debug|Mixed Platforms.Build.0 = Debug|Any CPU
		{9C210D9D-BC98-4751-A53A-917C638EBB79}.Debug|Win32.ActiveCfg = Debug|Any CPU
		{9C210D9D-BC98-4751-A53A-917C638EBB79}.Release|Any CPU.ActiveCfg = Release|Any CPU
		{9C210D9D-BC98-4751-A53A-917C638EBB79}.Release|Any CPU.Build.0 = Release|Any CPU
		{9C210D9D-BC98-4751-A53A-917C638EBB79}.Release|Mixed Platforms.ActiveCfg = Release|Any CPU
		{9C210D9D-BC98-4751-A53A-917C638EBB79}.Release|Mixed Platforms.Build.0 = Release|Any CPU
		{9C210D9D-BC98-4751-A53A-917C638EBB79}.Release|Win32.ActiveCfg = Release|Any CPU
		{2C0AF668-C787-443C-A2AD-511B1E37B4F0}.Debug|Any CPU.ActiveCfg = Debug|Any CPU
		{2C0AF668-C787-443C-A2AD-511B1E37B4F0}.Debug|Any CPU.Build.0 = Debug|Any CPU
		{2C0AF668-C787-443C-A2AD-511B1E37B4F0}.Debug|Mixed Platforms.ActiveCfg = Debug|Any CPU
		{2C0AF668-C787-443C-A2AD-511B1E37B4F0}.Debug|Mixed Platforms.Build.0 = Debug|Any CPU
		{2C0AF668-C787-443C-A2AD-511B1E37B4F0}.Debug|Win32.ActiveCfg = Debug|Any CPU
		{2C0AF668-C787-443C-A2AD-511B1E37B4F0}.Release|Any CPU.ActiveCfg = Release|Any CPU
		{2C0AF668-C787-443C-A2AD-511B1E37B4F0}.Release|Any CPU.Build.0 = Release|Any CPU
		{2C0AF668-C787-443C-A2AD-511B1E37B4F0}.Release|Mixed Platforms.ActiveCfg = Release|Any CPU
		{2C0AF668-C787-443C-A2AD-511B1E37B4F0}.Release|Mixed Platforms.Build.0 = Release|Any CPU
		{2C0AF668-C787-443C-A2AD-511B1E37B4F0}.Release|Win32.ActiveCfg = Release|Any CPU
		{82682F02-8287-423C-8A44-407A21E53998}.Debug|Any CPU.ActiveCfg = Debug|Any CPU
		{82682F02-8287-423C-8A44-407A21E53998}.Debug|Any CPU.Build.0 = Debug|Any CPU
		{82682F02-8287-423C-8A44-407A21E53998}.Debug|Mixed Platforms.ActiveCfg = Debug|Any CPU
		{82682F02-8287-423C-8A44-407A21E53998}.Debug|Mixed Platforms.Build.0 = Debug|Any CPU
		{82682F02-8287-423C-8A44-407A21E53998}.Debug|Win32.ActiveCfg = Debug|Any CPU
		{82682F02-8287-423C-8A44-407A21E53998}.Release|Any CPU.ActiveCfg = Release|Any CPU
		{82682F02-8287-423C-8A44-407A21E53998}.Release|Any CPU.Build.0 = Release|Any CPU
		{82682F02-8287-423C-8A44-407A21E53998}.Release|Mixed Platforms.ActiveCfg = Release|Any CPU
		{82682F02-8287-423C-8A44-407A21E53998}.Release|Mixed Platforms.Build.0 = Release|Any CPU
		{82682F02-8287-423C-8A44-407A21E53998}.Release|Win32.ActiveCfg = Release|Any CPU
	EndGlobalSection
	GlobalSection(SolutionProperties) = preSolution
		HideSolutionNode = FALSE
	EndGlobalSection
	GlobalSection(NestedProjects) = preSolution
		{A9A9527C-DA8D-367E-A56F-392729B4B59D} = {EB8E7AB4-F599-4797-A317-938F9232B6B1}
		{BC4CC125-F34D-3C91-B820-2674DF438935} = {EB8E7AB4-F599-4797-A317-938F9232B6B1}
		{2C0AF668-C787-443C-A2AD-511B1E37B4F0} = {EB8E7AB4-F599-4797-A317-938F9232B6B1}
	EndGlobalSection
EndGlobal
